
Microsoft Visual Studio Solution File, Format Version 12.00
Project("{FAE04EC0-301F-11D3-BF4B-00C04F79EFBC}") = "TestSelenium", "TestSelenium\TestSelenium.csproj", "{B5A2700A-8A20-474C-86CF-6939DDB447D6}"
EndProject
Global
	GlobalSection(SolutionConfigurationPlatforms) = preSolution
		Debug|Any CPU = Debug|Any CPU
		Release|Any CPU = Release|Any CPU
	EndGlobalSection
	GlobalSection(ProjectConfigurationPlatforms) = postSolution
		{B5A2700A-8A20-474C-86CF-6939DDB447D6}.Debug|Any CPU.ActiveCfg = Debug|Any CPU
		{B5A2700A-8A20-474C-86CF-6939DDB447D6}.Debug|Any CPU.Build.0 = Debug|Any CPU
		{B5A2700A-8A20-474C-86CF-6939DDB447D6}.Release|Any CPU.ActiveCfg = Release|Any CPU
		{B5A2700A-8A20-474C-86CF-6939DDB447D6}.Release|Any CPU.Build.0 = Release|Any CPU
	EndGlobalSection
EndGlobal
